
Microsoft Visual Studio Solution File, Format Version 12.00
# Visual Studio Version 17
VisualStudioVersion = 17.11.35312.102
MinimumVisualStudioVersion = 10.0.40219.1
Project("{9A19103F-16F7-4668-BE54-9A1E7A4F7556}") = "CVForms", "CVForms\CVForms.csproj", "{2A1B14C7-7202-4C0D-9BE4-B6C7E86528C2}"
EndProject
Project("{FAE04EC0-301F-11D3-BF4B-00C04F79EFBC}") = "CoolProject", "CoolProject\CoolProject.csproj", "{53DAFB80-7CB6-47B0-83C6-0B87567169CB}"
EndProject
Project("{FAE04EC0-301F-11D3-BF4B-00C04F79EFBC}") = "Pong", "WindowsFormsApp\Pong.csproj", "{58FA6042-A6A8-4A8E-8D12-FBB97CF06A88}"
EndProject
Global
	GlobalSection(SolutionConfigurationPlatforms) = preSolution
		Debug|Any CPU = Debug|Any CPU
		Release|Any CPU = Release|Any CPU
	EndGlobalSection
	GlobalSection(ProjectConfigurationPlatforms) = postSolution
		{2A1B14C7-7202-4C0D-9BE4-B6C7E86528C2}.Debug|Any CPU.ActiveCfg = Debug|Any CPU
		{2A1B14C7-7202-4C0D-9BE4-B6C7E86528C2}.Debug|Any CPU.Build.0 = Debug|Any CPU
		{2A1B14C7-7202-4C0D-9BE4-B6C7E86528C2}.Release|Any CPU.ActiveCfg = Release|Any CPU
		{2A1B14C7-7202-4C0D-9BE4-B6C7E86528C2}.Release|Any CPU.Build.0 = Release|Any CPU
		{53DAFB80-7CB6-47B0-83C6-0B87567169CB}.Debug|Any CPU.ActiveCfg = Debug|Any CPU
		{53DAFB80-7CB6-47B0-83C6-0B87567169CB}.Debug|Any CPU.Build.0 = Debug|Any CPU
		{53DAFB80-7CB6-47B0-83C6-0B87567169CB}.Release|Any CPU.ActiveCfg = Release|Any CPU
		{53DAFB80-7CB6-47B0-83C6-0B87567169CB}.Release|Any CPU.Build.0 = Release|Any CPU
		{58FA6042-A6A8-4A8E-8D12-FBB97CF06A88}.Debug|Any CPU.ActiveCfg = Debug|Any CPU
		{58FA6042-A6A8-4A8E-8D12-FBB97CF06A88}.Debug|Any CPU.Build.0 = Debug|Any CPU
		{58FA6042-A6A8-4A8E-8D12-FBB97CF06A88}.Release|Any CPU.ActiveCfg = Release|Any CPU
		{58FA6042-A6A8-4A8E-8D12-FBB97CF06A88}.Release|Any CPU.Build.0 = Release|Any CPU
	EndGlobalSection
	GlobalSection(SolutionProperties) = preSolution
		HideSolutionNode = FALSE
	EndGlobalSection
	GlobalSection(ExtensibilityGlobals) = postSolution
		SolutionGuid = {2A224382-B75C-45E5-AA6D-075BFFCA2056}
	EndGlobalSection
EndGlobal
